
Microsoft Visual Studio Solution File, Format Version 12.00
# Visual Studio 2013
VisualStudioVersion = 12.0.30723.0
MinimumVisualStudioVersion = 10.0.40219.1
Project("{FAE04EC0-301F-11D3-BF4B-00C04F79EFBC}") = "BetterMediaPlayer", "BetterMediaPlayer\BetterMediaPlayer.csproj", "{C983A74A-8435-41AC-B3B5-36D4F0473BD9}"
EndProject
Project("{FAE04EC0-301F-11D3-BF4B-00C04F79EFBC}") = "com.ptrampert.LibVLCBind", "..\com.ptrampert.LibVLCBind\com.ptrampert.LibVLCBind.csproj", "{275CAFF0-4C2D-4174-85BE-F5F677476A8F}"
EndProject
Global
	GlobalSection(SolutionConfigurationPlatforms) = preSolution
		Debug|Any CPU = Debug|Any CPU
		Release|Any CPU = Release|Any CPU
	EndGlobalSection
	GlobalSection(ProjectConfigurationPlatforms) = postSolution
		{C983A74A-8435-41AC-B3B5-36D4F0473BD9}.Debug|Any CPU.ActiveCfg = Debug|Any CPU
		{C983A74A-8435-41AC-B3B5-36D4F0473BD9}.Debug|Any CPU.Build.0 = Debug|Any CPU
		{C983A74A-8435-41AC-B3B5-36D4F0473BD9}.Release|Any CPU.ActiveCfg = Release|Any CPU
		{C983A74A-8435-41AC-B3B5-36D4F0473BD9}.Release|Any CPU.Build.0 = Release|Any CPU
		{275CAFF0-4C2D-4174-85BE-F5F677476A8F}.Debug|Any CPU.ActiveCfg = Debug|Any CPU
		{275CAFF0-4C2D-4174-85BE-F5F677476A8F}.Debug|Any CPU.Build.0 = Debug|Any CPU
		{275CAFF0-4C2D-4174-85BE-F5F677476A8F}.Release|Any CPU.ActiveCfg = Release|Any CPU
		{275CAFF0-4C2D-4174-85BE-F5F677476A8F}.Release|Any CPU.Build.0 = Release|Any CPU
	EndGlobalSection
	GlobalSection(SolutionProperties) = preSolution
		HideSolutionNode = FALSE
	EndGlobalSection
EndGlobal
